
Microsoft Visual Studio Solution File, Format Version 12.00
# Visual Studio Version 17
VisualStudioVersion = 17.7.34031.279
MinimumVisualStudioVersion = 10.0.40219.1
Project("{FAE04EC0-301F-11D3-BF4B-00C04F79EFBC}") = "AdoNet", "AdoNet\AdoNet.csproj", "{BD731B35-6C71-4654-BB81-D42FD12D402D}"
EndProject
Global
	GlobalSection(SolutionConfigurationPlatforms) = preSolution
		Debug|Any CPU = Debug|Any CPU
		Release|Any CPU = Release|Any CPU
	EndGlobalSection
	GlobalSection(ProjectConfigurationPlatforms) = postSolution
		{BD731B35-6C71-4654-BB81-D42FD12D402D}.Debug|Any CPU.ActiveCfg = Debug|Any CPU
		{BD731B35-6C71-4654-BB81-D42FD12D402D}.Debug|Any CPU.Build.0 = Debug|Any CPU
		{BD731B35-6C71-4654-BB81-D42FD12D402D}.Release|Any CPU.ActiveCfg = Release|Any CPU
		{BD731B35-6C71-4654-BB81-D42FD12D402D}.Release|Any CPU.Build.0 = Release|Any CPU
	EndGlobalSection
	GlobalSection(SolutionProperties) = preSolution
		HideSolutionNode = FALSE
	EndGlobalSection
	GlobalSection(ExtensibilityGlobals) = postSolution
		SolutionGuid = {C87A94A5-D1B0-49AF-B64F-444B632AAA8B}
	EndGlobalSection
EndGlobal
